
Microsoft Visual Studio Solution File, Format Version 12.00
# Visual Studio Version 16
VisualStudioVersion = 16.0.30907.101
MinimumVisualStudioVersion = 10.0.40219.1
Project("{FAE04EC0-301F-11D3-BF4B-00C04F79EFBC}") = "practice_8", "practice_8\practice_8.csproj", "{070BACB2-2024-4BE5-8F7E-E743E1812332}"
EndProject
Global
	GlobalSection(SolutionConfigurationPlatforms) = preSolution
		Debug|Any CPU = Debug|Any CPU
		Release|Any CPU = Release|Any CPU
	EndGlobalSection
	GlobalSection(ProjectConfigurationPlatforms) = postSolution
		{070BACB2-2024-4BE5-8F7E-E743E1812332}.Debug|Any CPU.ActiveCfg = Debug|Any CPU
		{070BACB2-2024-4BE5-8F7E-E743E1812332}.Debug|Any CPU.Build.0 = Debug|Any CPU
		{070BACB2-2024-4BE5-8F7E-E743E1812332}.Release|Any CPU.ActiveCfg = Release|Any CPU
		{070BACB2-2024-4BE5-8F7E-E743E1812332}.Release|Any CPU.Build.0 = Release|Any CPU
	EndGlobalSection
	GlobalSection(SolutionProperties) = preSolution
		HideSolutionNode = FALSE
	EndGlobalSection
	GlobalSection(ExtensibilityGlobals) = postSolution
		SolutionGuid = {849525AA-CD70-47CC-808E-32795BAEDFA5}
	EndGlobalSection
EndGlobal
